
Microsoft Visual Studio Solution File, Format Version 12.00
# Visual Studio Version 17
VisualStudioVersion = 17.6.33829.357
MinimumVisualStudioVersion = 10.0.40219.1
Project("{FAE04EC0-301F-11D3-BF4B-00C04F79EFBC}") = "Files2PDFWFA", "Files2PDF.WFA\Files2PDFWFA.csproj", "{3F164369-8AA5-4A05-B94A-637016805B75}"
EndProject
Global
	GlobalSection(SolutionConfigurationPlatforms) = preSolution
		Debug|Any CPU = Debug|Any CPU
		Release|Any CPU = Release|Any CPU
	EndGlobalSection
	GlobalSection(ProjectConfigurationPlatforms) = postSolution
		{3F164369-8AA5-4A05-B94A-637016805B75}.Debug|Any CPU.ActiveCfg = Debug|Any CPU
		{3F164369-8AA5-4A05-B94A-637016805B75}.Debug|Any CPU.Build.0 = Debug|Any CPU
		{3F164369-8AA5-4A05-B94A-637016805B75}.Release|Any CPU.ActiveCfg = Release|Any CPU
		{3F164369-8AA5-4A05-B94A-637016805B75}.Release|Any CPU.Build.0 = Release|Any CPU
	EndGlobalSection
	GlobalSection(SolutionProperties) = preSolution
		HideSolutionNode = FALSE
	EndGlobalSection
	GlobalSection(ExtensibilityGlobals) = postSolution
		SolutionGuid = {55D61A6B-CDFF-40F1-86B0-B0BFDFB276DE}
	EndGlobalSection
EndGlobal
